
Microsoft Visual Studio Solution File, Format Version 12.00
# Visual Studio Version 17
VisualStudioVersion = 17.0.31903.59
MinimumVisualStudioVersion = 10.0.40219.1
Project("{FAE04EC0-301F-11D3-BF4B-00C04F79EFBC}") = "TextEditor", "TextEditor\TextEditor.csproj", "{C366EBDB-A392-40E6-AAA5-4748A7A97F58}"
EndProject
Global
	GlobalSection(SolutionConfigurationPlatforms) = preSolution
		Debug|Any CPU = Debug|Any CPU
		Release|Any CPU = Release|Any CPU
	EndGlobalSection
	GlobalSection(ProjectConfigurationPlatforms) = postSolution
		{C366EBDB-A392-40E6-AAA5-4748A7A97F58}.Debug|Any CPU.ActiveCfg = Debug|Any CPU
		{C366EBDB-A392-40E6-AAA5-4748A7A97F58}.Debug|Any CPU.Build.0 = Debug|Any CPU
		{C366EBDB-A392-40E6-AAA5-4748A7A97F58}.Release|Any CPU.ActiveCfg = Release|Any CPU
		{C366EBDB-A392-40E6-AAA5-4748A7A97F58}.Release|Any CPU.Build.0 = Release|Any CPU
	EndGlobalSection
	GlobalSection(SolutionProperties) = preSolution
		HideSolutionNode = FALSE
	EndGlobalSection
	GlobalSection(ExtensibilityGlobals) = postSolution
		SolutionGuid = {67504A65-8685-487B-85DE-6A3CD52BEC4B}
	EndGlobalSection
EndGlobal
